
Microsoft Visual Studio Solution File, Format Version 12.00
# Visual Studio Version 17
VisualStudioVersion = 17.4.33213.308
MinimumVisualStudioVersion = 10.0.40219.1
Project("{FAE04EC0-301F-11D3-BF4B-00C04F79EFBC}") = "RenderOff", "RenderOff\RenderOff.csproj", "{065557D3-7E31-4724-8C85-ECD16B26E591}"
EndProject
Global
	GlobalSection(SolutionConfigurationPlatforms) = preSolution
		Debug|Any CPU = Debug|Any CPU
		Release|Any CPU = Release|Any CPU
	EndGlobalSection
	GlobalSection(ProjectConfigurationPlatforms) = postSolution
		{065557D3-7E31-4724-8C85-ECD16B26E591}.Debug|Any CPU.ActiveCfg = Debug|Any CPU
		{065557D3-7E31-4724-8C85-ECD16B26E591}.Debug|Any CPU.Build.0 = Debug|Any CPU
		{065557D3-7E31-4724-8C85-ECD16B26E591}.Release|Any CPU.ActiveCfg = Release|Any CPU
		{065557D3-7E31-4724-8C85-ECD16B26E591}.Release|Any CPU.Build.0 = Release|Any CPU
	EndGlobalSection
	GlobalSection(SolutionProperties) = preSolution
		HideSolutionNode = FALSE
	EndGlobalSection
	GlobalSection(ExtensibilityGlobals) = postSolution
		SolutionGuid = {33D826AA-D83B-4CCD-92FF-DAE286E96E2E}
	EndGlobalSection
EndGlobal
